
Microsoft Visual Studio Solution File, Format Version 12.00
# Visual Studio 15
VisualStudioVersion = 15.0.27428.1
MinimumVisualStudioVersion = 10.0.40219.1
Project("{FAE04EC0-301F-11D3-BF4B-00C04F79EFBC}") = "Primavera.Inventory.Documents", "Primavera.Inventory.Documents.csproj", "{1955499E-4E96-4CE4-BEB7-0A8ECC8D4B1F}"
EndProject
Global
	GlobalSection(SolutionConfigurationPlatforms) = preSolution
		Debug|Any CPU = Debug|Any CPU
		Release|Any CPU = Release|Any CPU
	EndGlobalSection
	GlobalSection(ProjectConfigurationPlatforms) = postSolution
		{1955499E-4E96-4CE4-BEB7-0A8ECC8D4B1F}.Debug|Any CPU.ActiveCfg = Debug|Any CPU
		{1955499E-4E96-4CE4-BEB7-0A8ECC8D4B1F}.Debug|Any CPU.Build.0 = Debug|Any CPU
		{1955499E-4E96-4CE4-BEB7-0A8ECC8D4B1F}.Release|Any CPU.ActiveCfg = Release|Any CPU
		{1955499E-4E96-4CE4-BEB7-0A8ECC8D4B1F}.Release|Any CPU.Build.0 = Release|Any CPU
	EndGlobalSection
	GlobalSection(SolutionProperties) = preSolution
		HideSolutionNode = FALSE
	EndGlobalSection
	GlobalSection(ExtensibilityGlobals) = postSolution
		SolutionGuid = {93BAF614-0A59-407E-93B2-57D8F50CB8E6}
	EndGlobalSection
EndGlobal
