
Microsoft Visual Studio Solution File, Format Version 12.00
# Visual Studio 15
VisualStudioVersion = 15.0.27130.2010
MinimumVisualStudioVersion = 10.0.40219.1
Project("{FAE04EC0-301F-11D3-BF4B-00C04F79EFBC}") = "Primavera.EXTAudit100", "Primavera.EXTAudit100.csproj", "{D0FCF22E-55B9-4001-B9A7-3BA06A5E73AD}"
EndProject
Global
	GlobalSection(SolutionConfigurationPlatforms) = preSolution
		Debug|Any CPU = Debug|Any CPU
		Release|Any CPU = Release|Any CPU
	EndGlobalSection
	GlobalSection(ProjectConfigurationPlatforms) = postSolution
		{D0FCF22E-55B9-4001-B9A7-3BA06A5E73AD}.Debug|Any CPU.ActiveCfg = Debug|Any CPU
		{D0FCF22E-55B9-4001-B9A7-3BA06A5E73AD}.Debug|Any CPU.Build.0 = Debug|Any CPU
		{D0FCF22E-55B9-4001-B9A7-3BA06A5E73AD}.Release|Any CPU.ActiveCfg = Release|Any CPU
		{D0FCF22E-55B9-4001-B9A7-3BA06A5E73AD}.Release|Any CPU.Build.0 = Release|Any CPU
	EndGlobalSection
	GlobalSection(SolutionProperties) = preSolution
		HideSolutionNode = FALSE
	EndGlobalSection
	GlobalSection(ExtensibilityGlobals) = postSolution
		SolutionGuid = {69C8071B-4EF6-44D6-BF1F-96353241FBFB}
	EndGlobalSection
EndGlobal
