
Microsoft Visual Studio Solution File, Format Version 12.00
# Visual Studio 15
VisualStudioVersion = 15.0.27428.2043
MinimumVisualStudioVersion = 10.0.40219.1
Project("{FAE04EC0-301F-11D3-BF4B-00C04F79EFBC}") = "Primavera.ExtensibilitySamples.HumanResourcesEngine", "Primavera.Extensibility.HumanResourcesEngine\Primavera.ExtensibilitySamples.HumanResourcesEngine.csproj", "{97952705-AB99-497B-8617-30FFFCE5D01D}"
EndProject
Project("{FAE04EC0-301F-11D3-BF4B-00C04F79EFBC}") = "Primavera.HumanResources.Integration", "Primavera.HumanResources.Integration\Primavera.HumanResources.Integration.csproj", "{75559132-060F-4033-B4FC-6D191C15FF93}"
EndProject
Global
	GlobalSection(SolutionConfigurationPlatforms) = preSolution
		Debug|Any CPU = Debug|Any CPU
		Release|Any CPU = Release|Any CPU
	EndGlobalSection
	GlobalSection(ProjectConfigurationPlatforms) = postSolution
		{97952705-AB99-497B-8617-30FFFCE5D01D}.Debug|Any CPU.ActiveCfg = Debug|Any CPU
		{97952705-AB99-497B-8617-30FFFCE5D01D}.Debug|Any CPU.Build.0 = Debug|Any CPU
		{97952705-AB99-497B-8617-30FFFCE5D01D}.Release|Any CPU.ActiveCfg = Release|Any CPU
		{97952705-AB99-497B-8617-30FFFCE5D01D}.Release|Any CPU.Build.0 = Release|Any CPU
		{75559132-060F-4033-B4FC-6D191C15FF93}.Debug|Any CPU.ActiveCfg = Debug|Any CPU
		{75559132-060F-4033-B4FC-6D191C15FF93}.Debug|Any CPU.Build.0 = Debug|Any CPU
		{75559132-060F-4033-B4FC-6D191C15FF93}.Release|Any CPU.ActiveCfg = Release|Any CPU
		{75559132-060F-4033-B4FC-6D191C15FF93}.Release|Any CPU.Build.0 = Release|Any CPU
	EndGlobalSection
	GlobalSection(SolutionProperties) = preSolution
		HideSolutionNode = FALSE
	EndGlobalSection
	GlobalSection(ExtensibilityGlobals) = postSolution
		SolutionGuid = {9EE74BDD-119A-41B7-B3DA-5E397638BF2D}
	EndGlobalSection
EndGlobal
